
Microsoft Visual Studio Solution File, Format Version 12.00
# Visual Studio 15
VisualStudioVersion = 15.0.27004.2008
MinimumVisualStudioVersion = 10.0.40219.1
Project("{FAE04EC0-301F-11D3-BF4B-00C04F79EFBC}") = "App18", "App18\App18.csproj", "{6DD3C41B-51D6-4D05-AACF-F8A667E3CE0B}"
EndProject
Global
	GlobalSection(SolutionConfigurationPlatforms) = preSolution
		Debug|Any CPU = Debug|Any CPU
		Release|Any CPU = Release|Any CPU
	EndGlobalSection
	GlobalSection(ProjectConfigurationPlatforms) = postSolution
		{6DD3C41B-51D6-4D05-AACF-F8A667E3CE0B}.Debug|Any CPU.ActiveCfg = Debug|Any CPU
		{6DD3C41B-51D6-4D05-AACF-F8A667E3CE0B}.Debug|Any CPU.Build.0 = Debug|Any CPU
		{6DD3C41B-51D6-4D05-AACF-F8A667E3CE0B}.Release|Any CPU.ActiveCfg = Release|Any CPU
		{6DD3C41B-51D6-4D05-AACF-F8A667E3CE0B}.Release|Any CPU.Build.0 = Release|Any CPU
	EndGlobalSection
	GlobalSection(SolutionProperties) = preSolution
		HideSolutionNode = FALSE
	EndGlobalSection
	GlobalSection(ExtensibilityGlobals) = postSolution
		SolutionGuid = {6E3B9E85-8A93-4FAD-BD8A-6567BEBE8AFE}
	EndGlobalSection
EndGlobal
